
Microsoft Visual Studio Solution File, Format Version 12.00
# Visual Studio Version 17
VisualStudioVersion = 17.8.34322.80
MinimumVisualStudioVersion = 10.0.40219.1
Project("{FAE04EC0-301F-11D3-BF4B-00C04F79EFBC}") = "NumberGuesser", "NumberGuesser.csproj", "{C80BA0FF-AECC-408A-B296-F37D158E5621}"
EndProject
Global
	GlobalSection(SolutionConfigurationPlatforms) = preSolution
		Debug|Any CPU = Debug|Any CPU
		Release|Any CPU = Release|Any CPU
	EndGlobalSection
	GlobalSection(ProjectConfigurationPlatforms) = postSolution
		{C80BA0FF-AECC-408A-B296-F37D158E5621}.Debug|Any CPU.ActiveCfg = Debug|Any CPU
		{C80BA0FF-AECC-408A-B296-F37D158E5621}.Debug|Any CPU.Build.0 = Debug|Any CPU
		{C80BA0FF-AECC-408A-B296-F37D158E5621}.Release|Any CPU.ActiveCfg = Release|Any CPU
		{C80BA0FF-AECC-408A-B296-F37D158E5621}.Release|Any CPU.Build.0 = Release|Any CPU
	EndGlobalSection
	GlobalSection(SolutionProperties) = preSolution
		HideSolutionNode = FALSE
	EndGlobalSection
	GlobalSection(ExtensibilityGlobals) = postSolution
		SolutionGuid = {C6DCBE15-E10A-4627-85CB-238C1FEB3744}
	EndGlobalSection
EndGlobal
